
Microsoft Visual Studio Solution File, Format Version 12.00
# Visual Studio Version 16
VisualStudioVersion = 16.0.30717.126
MinimumVisualStudioVersion = 10.0.40219.1
Project("{9A19103F-16F7-4668-BE54-9A1E7A4F7556}") = "Webpage", "WebPage\Webpage.csproj", "{CBD34C9C-B153-45B4-A4C7-D0367045688A}"
EndProject
Project("{9A19103F-16F7-4668-BE54-9A1E7A4F7556}") = "Domain", "Domain\Domain.csproj", "{91391094-E773-4095-B56E-A637835EFD6A}"
EndProject
Project("{FAE04EC0-301F-11D3-BF4B-00C04F79EFBC}") = "Application", "Application\Application.csproj", "{4878686B-E99F-4068-9D28-F6E3BD8BAC45}"
EndProject
Global
	GlobalSection(SolutionConfigurationPlatforms) = preSolution
		Debug|Any CPU = Debug|Any CPU
		Release|Any CPU = Release|Any CPU
	EndGlobalSection
	GlobalSection(ProjectConfigurationPlatforms) = postSolution
		{CBD34C9C-B153-45B4-A4C7-D0367045688A}.Debug|Any CPU.ActiveCfg = Debug|Any CPU
		{CBD34C9C-B153-45B4-A4C7-D0367045688A}.Debug|Any CPU.Build.0 = Debug|Any CPU
		{CBD34C9C-B153-45B4-A4C7-D0367045688A}.Release|Any CPU.ActiveCfg = Release|Any CPU
		{CBD34C9C-B153-45B4-A4C7-D0367045688A}.Release|Any CPU.Build.0 = Release|Any CPU
		{91391094-E773-4095-B56E-A637835EFD6A}.Debug|Any CPU.ActiveCfg = Debug|Any CPU
		{91391094-E773-4095-B56E-A637835EFD6A}.Debug|Any CPU.Build.0 = Debug|Any CPU
		{91391094-E773-4095-B56E-A637835EFD6A}.Release|Any CPU.ActiveCfg = Release|Any CPU
		{91391094-E773-4095-B56E-A637835EFD6A}.Release|Any CPU.Build.0 = Release|Any CPU
		{4878686B-E99F-4068-9D28-F6E3BD8BAC45}.Debug|Any CPU.ActiveCfg = Debug|Any CPU
		{4878686B-E99F-4068-9D28-F6E3BD8BAC45}.Debug|Any CPU.Build.0 = Debug|Any CPU
		{4878686B-E99F-4068-9D28-F6E3BD8BAC45}.Release|Any CPU.ActiveCfg = Release|Any CPU
		{4878686B-E99F-4068-9D28-F6E3BD8BAC45}.Release|Any CPU.Build.0 = Release|Any CPU
	EndGlobalSection
	GlobalSection(SolutionProperties) = preSolution
		HideSolutionNode = FALSE
	EndGlobalSection
	GlobalSection(ExtensibilityGlobals) = postSolution
		SolutionGuid = {54A11E20-C10F-4FBF-A51B-02ABC35ABD58}
	EndGlobalSection
EndGlobal
